
Microsoft Visual Studio Solution File, Format Version 12.00
# Visual Studio Version 16
VisualStudioVersion = 16.0.30104.148
MinimumVisualStudioVersion = 10.0.40219.1
Project("{9A19103F-16F7-4668-BE54-9A1E7A4F7556}") = "Lx.Domain", "Lx.Domain\Lx.Domain.csproj", "{B09A617B-3E89-41F4-B8D0-3916B010CC1C}"
EndProject
Project("{9A19103F-16F7-4668-BE54-9A1E7A4F7556}") = "Lx.Infrastruct.Data", "Lx.Infrastruct.Data\Lx.Infrastruct.Data.csproj", "{A95F89EB-4746-47AA-8854-305FB14496AB}"
EndProject
Project("{9A19103F-16F7-4668-BE54-9A1E7A4F7556}") = "Lx.Application", "Lx.Application\Lx.Application.csproj", "{409A29A7-6CE8-425F-992E-118E0AF44874}"
EndProject
Project("{9A19103F-16F7-4668-BE54-9A1E7A4F7556}") = "Lx.Domain.Core", "Lx.Domain.Core\Lx.Domain.Core.csproj", "{02EBF50F-48A6-4F3E-84B1-65215492787A}"
EndProject
Project("{9A19103F-16F7-4668-BE54-9A1E7A4F7556}") = "Lx.UI.Web", "Lx.UI.Web\Lx.UI.Web.csproj", "{FC01574D-E5D4-44DE-A75D-BE10E0C36EC4}"
EndProject
Project("{FAE04EC0-301F-11D3-BF4B-00C04F79EFBC}") = "Lx.Services.Api", "Lx.Services.Api\Lx.Services.Api.csproj", "{75F64599-ED4C-4286-9669-E3832A2AB74A}"
EndProject
Global
	GlobalSection(SolutionConfigurationPlatforms) = preSolution
		Debug|Any CPU = Debug|Any CPU
		Release|Any CPU = Release|Any CPU
	EndGlobalSection
	GlobalSection(ProjectConfigurationPlatforms) = postSolution
		{B09A617B-3E89-41F4-B8D0-3916B010CC1C}.Debug|Any CPU.ActiveCfg = Debug|Any CPU
		{B09A617B-3E89-41F4-B8D0-3916B010CC1C}.Debug|Any CPU.Build.0 = Debug|Any CPU
		{B09A617B-3E89-41F4-B8D0-3916B010CC1C}.Release|Any CPU.ActiveCfg = Release|Any CPU
		{B09A617B-3E89-41F4-B8D0-3916B010CC1C}.Release|Any CPU.Build.0 = Release|Any CPU
		{A95F89EB-4746-47AA-8854-305FB14496AB}.Debug|Any CPU.ActiveCfg = Debug|Any CPU
		{A95F89EB-4746-47AA-8854-305FB14496AB}.Debug|Any CPU.Build.0 = Debug|Any CPU
		{A95F89EB-4746-47AA-8854-305FB14496AB}.Release|Any CPU.ActiveCfg = Release|Any CPU
		{A95F89EB-4746-47AA-8854-305FB14496AB}.Release|Any CPU.Build.0 = Release|Any CPU
		{409A29A7-6CE8-425F-992E-118E0AF44874}.Debug|Any CPU.ActiveCfg = Debug|Any CPU
		{409A29A7-6CE8-425F-992E-118E0AF44874}.Debug|Any CPU.Build.0 = Debug|Any CPU
		{409A29A7-6CE8-425F-992E-118E0AF44874}.Release|Any CPU.ActiveCfg = Release|Any CPU
		{409A29A7-6CE8-425F-992E-118E0AF44874}.Release|Any CPU.Build.0 = Release|Any CPU
		{02EBF50F-48A6-4F3E-84B1-65215492787A}.Debug|Any CPU.ActiveCfg = Debug|Any CPU
		{02EBF50F-48A6-4F3E-84B1-65215492787A}.Debug|Any CPU.Build.0 = Debug|Any CPU
		{02EBF50F-48A6-4F3E-84B1-65215492787A}.Release|Any CPU.ActiveCfg = Release|Any CPU
		{02EBF50F-48A6-4F3E-84B1-65215492787A}.Release|Any CPU.Build.0 = Release|Any CPU
		{FC01574D-E5D4-44DE-A75D-BE10E0C36EC4}.Debug|Any CPU.ActiveCfg = Debug|Any CPU
		{FC01574D-E5D4-44DE-A75D-BE10E0C36EC4}.Debug|Any CPU.Build.0 = Debug|Any CPU
		{FC01574D-E5D4-44DE-A75D-BE10E0C36EC4}.Release|Any CPU.ActiveCfg = Release|Any CPU
		{FC01574D-E5D4-44DE-A75D-BE10E0C36EC4}.Release|Any CPU.Build.0 = Release|Any CPU
		{75F64599-ED4C-4286-9669-E3832A2AB74A}.Debug|Any CPU.ActiveCfg = Debug|Any CPU
		{75F64599-ED4C-4286-9669-E3832A2AB74A}.Debug|Any CPU.Build.0 = Debug|Any CPU
		{75F64599-ED4C-4286-9669-E3832A2AB74A}.Release|Any CPU.ActiveCfg = Release|Any CPU
		{75F64599-ED4C-4286-9669-E3832A2AB74A}.Release|Any CPU.Build.0 = Release|Any CPU
	EndGlobalSection
	GlobalSection(SolutionProperties) = preSolution
		HideSolutionNode = FALSE
	EndGlobalSection
	GlobalSection(ExtensibilityGlobals) = postSolution
		SolutionGuid = {9EF6ADBD-78FC-4AB1-B5FA-CFF91D4C7C5F}
	EndGlobalSection
EndGlobal
